{
  "name": "web-atoms-mvvm-todo",
  "version": "1.0.2",
  "lockfileVersion": 1,
  "requires": true,
  "dependencies": {
    "reflect-metadata": {
      "version": "0.1.12",
      "resolved": "https://registry.npmjs.org/reflect-metadata/-/reflect-metadata-0.1.12.tgz",
      "integrity": "sha512-n+IyV+nGz3+0q3/Yf1ra12KpCyi001bi4XFxSjbiWWjfqb52iTTtpGXmCCAOWWIAn9KEuFZKGqBERHmrtScZ3A=="
    },
    "typescript": {
      "version": "2.9.1",
      "resolved": "https://registry.npmjs.org/typescript/-/typescript-2.9.1.tgz",
      "integrity": "sha512-h6pM2f/GDchCFlldnriOhs1QHuwbnmj6/v7499eMHqPeW4V2G0elua2eIc2nu8v2NdHV0Gm+tzX83Hr6nUFjQA==",
      "dev": true
    },
    "web-atoms-core": {
      "version": "1.0.55",
      "resolved": "https://registry.npmjs.org/web-atoms-core/-/web-atoms-core-1.0.55.tgz",
      "integrity": "sha512-YefVaJaLREffk6bYnPbnWtF9ASC5rODXs6p3PEXiQqaq5ilIwrh3WFO9nQ4SD8rRPd0UrNwgX7/R8PEAVjvtww==",
      "requires": {
        "reflect-metadata": "0.1.12"
      }
    }
  }
}
