{
  "name": "web-atoms-mvvm-todo",
  "version": "1.0.3",
  "lockfileVersion": 1,
  "requires": true,
  "dependencies": {
    "reflect-metadata": {
      "version": "0.1.12",
      "resolved": "https://registry.npmjs.org/reflect-metadata/-/reflect-metadata-0.1.12.tgz",
      "integrity": "sha512-n+IyV+nGz3+0q3/Yf1ra12KpCyi001bi4XFxSjbiWWjfqb52iTTtpGXmCCAOWWIAn9KEuFZKGqBERHmrtScZ3A=="
    },
    "typescript": {
      "version": "2.9.1",
      "resolved": "https://registry.npmjs.org/typescript/-/typescript-2.9.1.tgz",
      "integrity": "sha512-h6pM2f/GDchCFlldnriOhs1QHuwbnmj6/v7499eMHqPeW4V2G0elua2eIc2nu8v2NdHV0Gm+tzX83Hr6nUFjQA==",
      "dev": true
    },
    "web-atoms-core": {
      "version": "1.0.64",
      "resolved": "https://registry.npmjs.org/web-atoms-core/-/web-atoms-core-1.0.64.tgz",
      "integrity": "sha512-oFPc3XPzXrqZXSTdk6DeWH4EKvDerR9yfJABDtaceOCeK9Phu5rWYWR20NJmAWZ1emaIZQonFfKbQJty+PzvBw==",
      "requires": {
        "reflect-metadata": "0.1.12"
      }
    }
  }
}
